
Microsoft Visual Studio Solution File, Format Version 12.00
# Visual Studio Version 17
VisualStudioVersion = 17.9.34728.123
MinimumVisualStudioVersion = 10.0.40219.1
Project("{8BC9CEB8-8B4A-11D0-8D11-00A0C91BC942}") = "Project01", "Project1\Project1.vcxproj", "{E6BC15AD-B023-4519-B602-07A7A3B7472F}"
EndProject
Project("{8BC9CEB8-8B4A-11D0-8D11-00A0C91BC942}") = "Project02", "Project2\Project2.vcxproj", "{AB2E5727-2D31-4080-A84D-49E83D12DABC}"
EndProject
Project("{8BC9CEB8-8B4A-11D0-8D11-00A0C91BC942}") = "Project03", "Project3\Project3.vcxproj", "{9C8E7111-A3BB-43B0-983A-BB62A74367BA}"
EndProject
Project("{8BC9CEB8-8B4A-11D0-8D11-00A0C91BC942}") = "Project04", "Project4\Project4.vcxproj", "{51A7E469-EC3A-440C-9519-8448D640676F}"
EndProject
Project("{8BC9CEB8-8B4A-11D0-8D11-00A0C91BC942}") = "Project05", "Project5\Project5.vcxproj", "{535A4B88-BB6A-4712-9E82-D600730E87C1}"
EndProject
Project("{8BC9CEB8-8B4A-11D0-8D11-00A0C91BC942}") = "Project06", "Project6\Project6.vcxproj", "{1C980D48-4DC7-41E1-8FF0-866408C08B25}"
EndProject
Project("{8BC9CEB8-8B4A-11D0-8D11-00A0C91BC942}") = "Project07", "Project7\Project7.vcxproj", "{C3B8EF23-7A07-4AEF-85F2-310F17C29424}"
EndProject
Project("{8BC9CEB8-8B4A-11D0-8D11-00A0C91BC942}") = "Project08", "Project8\Project8.vcxproj", "{2B791F29-3A52-4C96-BDDB-76292C5ECC7C}"
EndProject
Project("{8BC9CEB8-8B4A-11D0-8D11-00A0C91BC942}") = "Project09", "Project9\Project9.vcxproj", "{D2597938-AF3A-42A3-A4B8-C0594BE370AE}"
EndProject
Project("{8BC9CEB8-8B4A-11D0-8D11-00A0C91BC942}") = "Project10", "Project10\Project10.vcxproj", "{0C6BD32E-7823-48DC-86A4-98692AF8520E}"
EndProject
Project("{8BC9CEB8-8B4A-11D0-8D11-00A0C91BC942}") = "Project11", "Project11\Project11.vcxproj", "{AC3E3DC8-90DA-4A7C-9D12-79D4A54889C3}"
EndProject
Global
	GlobalSection(SolutionConfigurationPlatforms) = preSolution
		Debug|x64 = Debug|x64
		Debug|x86 = Debug|x86
		Release|x64 = Release|x64
		Release|x86 = Release|x86
	EndGlobalSection
	GlobalSection(ProjectConfigurationPlatforms) = postSolution
		{E6BC15AD-B023-4519-B602-07A7A3B7472F}.Debug|x64.ActiveCfg = Debug|x64
		{E6BC15AD-B023-4519-B602-07A7A3B7472F}.Debug|x64.Build.0 = Debug|x64
		{E6BC15AD-B023-4519-B602-07A7A3B7472F}.Debug|x86.ActiveCfg = Debug|Win32
		{E6BC15AD-B023-4519-B602-07A7A3B7472F}.Debug|x86.Build.0 = Debug|Win32
		{E6BC15AD-B023-4519-B602-07A7A3B7472F}.Release|x64.ActiveCfg = Release|x64
		{E6BC15AD-B023-4519-B602-07A7A3B7472F}.Release|x64.Build.0 = Release|x64
		{E6BC15AD-B023-4519-B602-07A7A3B7472F}.Release|x86.ActiveCfg = Release|Win32
		{E6BC15AD-B023-4519-B602-07A7A3B7472F}.Release|x86.Build.0 = Release|Win32
		{AB2E5727-2D31-4080-A84D-49E83D12DABC}.Debug|x64.ActiveCfg = Debug|x64
		{AB2E5727-2D31-4080-A84D-49E83D12DABC}.Debug|x64.Build.0 = Debug|x64
		{AB2E5727-2D31-4080-A84D-49E83D12DABC}.Debug|x86.ActiveCfg = Debug|Win32
		{AB2E5727-2D31-4080-A84D-49E83D12DABC}.Debug|x86.Build.0 = Debug|Win32
		{AB2E5727-2D31-4080-A84D-49E83D12DABC}.Release|x64.ActiveCfg = Release|x64
		{AB2E5727-2D31-4080-A84D-49E83D12DABC}.Release|x64.Build.0 = Release|x64
		{AB2E5727-2D31-4080-A84D-49E83D12DABC}.Release|x86.ActiveCfg = Release|Win32
		{AB2E5727-2D31-4080-A84D-49E83D12DABC}.Release|x86.Build.0 = Release|Win32
		{9C8E7111-A3BB-43B0-983A-BB62A74367BA}.Debug|x64.ActiveCfg = Debug|x64
		{9C8E7111-A3BB-43B0-983A-BB62A74367BA}.Debug|x64.Build.0 = Debug|x64
		{9C8E7111-A3BB-43B0-983A-BB62A74367BA}.Debug|x86.ActiveCfg = Debug|Win32
		{9C8E7111-A3BB-43B0-983A-BB62A74367BA}.Debug|x86.Build.0 = Debug|Win32
		{9C8E7111-A3BB-43B0-983A-BB62A74367BA}.Release|x64.ActiveCfg = Release|x64
		{9C8E7111-A3BB-43B0-983A-BB62A74367BA}.Release|x64.Build.0 = Release|x64
		{9C8E7111-A3BB-43B0-983A-BB62A74367BA}.Release|x86.ActiveCfg = Release|Win32
		{9C8E7111-A3BB-43B0-983A-BB62A74367BA}.Release|x86.Build.0 = Release|Win32
		{51A7E469-EC3A-440C-9519-8448D640676F}.Debug|x64.ActiveCfg = Debug|x64
		{51A7E469-EC3A-440C-9519-8448D640676F}.Debug|x64.Build.0 = Debug|x64
		{51A7E469-EC3A-440C-9519-8448D640676F}.Debug|x86.ActiveCfg = Debug|Win32
		{51A7E469-EC3A-440C-9519-8448D640676F}.Debug|x86.Build.0 = Debug|Win32
		{51A7E469-EC3A-440C-9519-8448D640676F}.Release|x64.ActiveCfg = Release|x64
		{51A7E469-EC3A-440C-9519-8448D640676F}.Release|x64.Build.0 = Release|x64
		{51A7E469-EC3A-440C-9519-8448D640676F}.Release|x86.ActiveCfg = Release|Win32
		{51A7E469-EC3A-440C-9519-8448D640676F}.Release|x86.Build.0 = Release|Win32
		{535A4B88-BB6A-4712-9E82-D600730E87C1}.Debug|x64.ActiveCfg = Debug|x64
		{535A4B88-BB6A-4712-9E82-D600730E87C1}.Debug|x64.Build.0 = Debug|x64
		{535A4B88-BB6A-4712-9E82-D600730E87C1}.Debug|x86.ActiveCfg = Debug|Win32
		{535A4B88-BB6A-4712-9E82-D600730E87C1}.Debug|x86.Build.0 = Debug|Win32
		{535A4B88-BB6A-4712-9E82-D600730E87C1}.Release|x64.ActiveCfg = Release|x64
		{535A4B88-BB6A-4712-9E82-D600730E87C1}.Release|x64.Build.0 = Release|x64
		{535A4B88-BB6A-4712-9E82-D600730E87C1}.Release|x86.ActiveCfg = Release|Win32
		{535A4B88-BB6A-4712-9E82-D600730E87C1}.Release|x86.Build.0 = Release|Win32
		{1C980D48-4DC7-41E1-8FF0-866408C08B25}.Debug|x64.ActiveCfg = Debug|x64
		{1C980D48-4DC7-41E1-8FF0-866408C08B25}.Debug|x64.Build.0 = Debug|x64
		{1C980D48-4DC7-41E1-8FF0-866408C08B25}.Debug|x86.ActiveCfg = Debug|Win32
		{1C980D48-4DC7-41E1-8FF0-866408C08B25}.Debug|x86.Build.0 = Debug|Win32
		{1C980D48-4DC7-41E1-8FF0-866408C08B25}.Release|x64.ActiveCfg = Release|x64
		{1C980D48-4DC7-41E1-8FF0-866408C08B25}.Release|x64.Build.0 = Release|x64
		{1C980D48-4DC7-41E1-8FF0-866408C08B25}.Release|x86.ActiveCfg = Release|Win32
		{1C980D48-4DC7-41E1-8FF0-866408C08B25}.Release|x86.Build.0 = Release|Win32
		{C3B8EF23-7A07-4AEF-85F2-310F17C29424}.Debug|x64.ActiveCfg = Debug|x64
		{C3B8EF23-7A07-4AEF-85F2-310F17C29424}.Debug|x64.Build.0 = Debug|x64
		{C3B8EF23-7A07-4AEF-85F2-310F17C29424}.Debug|x86.ActiveCfg = Debug|Win32
		{C3B8EF23-7A07-4AEF-85F2-310F17C29424}.Debug|x86.Build.0 = Debug|Win32
		{C3B8EF23-7A07-4AEF-85F2-310F17C29424}.Release|x64.ActiveCfg = Release|x64
		{C3B8EF23-7A07-4AEF-85F2-310F17C29424}.Release|x64.Build.0 = Release|x64
		{C3B8EF23-7A07-4AEF-85F2-310F17C29424}.Release|x86.ActiveCfg = Release|Win32
		{C3B8EF23-7A07-4AEF-85F2-310F17C29424}.Release|x86.Build.0 = Release|Win32
		{2B791F29-3A52-4C96-BDDB-76292C5ECC7C}.Debug|x64.ActiveCfg = Debug|x64
		{2B791F29-3A52-4C96-BDDB-76292C5ECC7C}.Debug|x64.Build.0 = Debug|x64
		{2B791F29-3A52-4C96-BDDB-76292C5ECC7C}.Debug|x86.ActiveCfg = Debug|Win32
		{2B791F29-3A52-4C96-BDDB-76292C5ECC7C}.Debug|x86.Build.0 = Debug|Win32
		{2B791F29-3A52-4C96-BDDB-76292C5ECC7C}.Release|x64.ActiveCfg = Release|x64
		{2B791F29-3A52-4C96-BDDB-76292C5ECC7C}.Release|x64.Build.0 = Release|x64
		{2B791F29-3A52-4C96-BDDB-76292C5ECC7C}.Release|x86.ActiveCfg = Release|Win32
		{2B791F29-3A52-4C96-BDDB-76292C5ECC7C}.Release|x86.Build.0 = Release|Win32
		{D2597938-AF3A-42A3-A4B8-C0594BE370AE}.Debug|x64.ActiveCfg = Debug|x64
		{D2597938-AF3A-42A3-A4B8-C0594BE370AE}.Debug|x64.Build.0 = Debug|x64
		{D2597938-AF3A-42A3-A4B8-C0594BE370AE}.Debug|x86.ActiveCfg = Debug|Win32
		{D2597938-AF3A-42A3-A4B8-C0594BE370AE}.Debug|x86.Build.0 = Debug|Win32
		{D2597938-AF3A-42A3-A4B8-C0594BE370AE}.Release|x64.ActiveCfg = Release|x64
		{D2597938-AF3A-42A3-A4B8-C0594BE370AE}.Release|x64.Build.0 = Release|x64
		{D2597938-AF3A-42A3-A4B8-C0594BE370AE}.Release|x86.ActiveCfg = Release|Win32
		{D2597938-AF3A-42A3-A4B8-C0594BE370AE}.Release|x86.Build.0 = Release|Win32
		{0C6BD32E-7823-48DC-86A4-98692AF8520E}.Debug|x64.ActiveCfg = Debug|x64
		{0C6BD32E-7823-48DC-86A4-98692AF8520E}.Debug|x64.Build.0 = Debug|x64
		{0C6BD32E-7823-48DC-86A4-98692AF8520E}.Debug|x86.ActiveCfg = Debug|Win32
		{0C6BD32E-7823-48DC-86A4-98692AF8520E}.Debug|x86.Build.0 = Debug|Win32
		{0C6BD32E-7823-48DC-86A4-98692AF8520E}.Release|x64.ActiveCfg = Release|x64
		{0C6BD32E-7823-48DC-86A4-98692AF8520E}.Release|x64.Build.0 = Release|x64
		{0C6BD32E-7823-48DC-86A4-98692AF8520E}.Release|x86.ActiveCfg = Release|Win32
		{0C6BD32E-7823-48DC-86A4-98692AF8520E}.Release|x86.Build.0 = Release|Win32
		{AC3E3DC8-90DA-4A7C-9D12-79D4A54889C3}.Debug|x64.ActiveCfg = Debug|x64
		{AC3E3DC8-90DA-4A7C-9D12-79D4A54889C3}.Debug|x64.Build.0 = Debug|x64
		{AC3E3DC8-90DA-4A7C-9D12-79D4A54889C3}.Debug|x86.ActiveCfg = Debug|Win32
		{AC3E3DC8-90DA-4A7C-9D12-79D4A54889C3}.Debug|x86.Build.0 = Debug|Win32
		{AC3E3DC8-90DA-4A7C-9D12-79D4A54889C3}.Release|x64.ActiveCfg = Release|x64
		{AC3E3DC8-90DA-4A7C-9D12-79D4A54889C3}.Release|x64.Build.0 = Release|x64
		{AC3E3DC8-90DA-4A7C-9D12-79D4A54889C3}.Release|x86.ActiveCfg = Release|Win32
		{AC3E3DC8-90DA-4A7C-9D12-79D4A54889C3}.Release|x86.Build.0 = Release|Win32
	EndGlobalSection
	GlobalSection(SolutionProperties) = preSolution
		HideSolutionNode = FALSE
	EndGlobalSection
	GlobalSection(ExtensibilityGlobals) = postSolution
		SolutionGuid = {942985C4-D0C6-47F8-A5C4-D765E5C73854}
	EndGlobalSection
EndGlobal
